{
  "name": "@jasonlwalker/jlwappbuilder",
  "version": "0.0.21",
  "lockfileVersion": 1,
  "requires": true,
  "dependencies": {
    "@jasonlwalker/jlwutility": {
      "version": "0.0.31",
      "resolved": "https://registry.npmjs.org/@jasonlwalker/jlwutility/-/jlwutility-0.0.31.tgz",
      "integrity": "sha512-SCYHmrFWkgGLtlbVeFjx9IGZMqy+YsDvQqOmaWTFmieCVwpkNCCPkV8LIlqYQIPHA3zZkRfC5JI4/bFi0MA1pQ=="
    }
  }
}
