{
  "name": "@jasonlwalker/jlwappbuilder",
  "version": "0.0.22",
  "lockfileVersion": 1,
  "requires": true,
  "dependencies": {
    "@jasonlwalker/jlwutility": {
      "version": "0.0.32",
      "resolved": "https://registry.npmjs.org/@jasonlwalker/jlwutility/-/jlwutility-0.0.32.tgz",
      "integrity": "sha512-1XS4iAcjoMp9Tb/uvk8vbYPTZ739ACsl13L42p7SonVL5HZfXZHUc+PMTqIH/1QGRqvRIfvrE8oiy03sCjVEHQ=="
    }
  }
}
