{
  "name": "@jasonlwalker/jlwappbuilder",
  "version": "1.0.21",
  "lockfileVersion": 1,
  "requires": true,
  "dependencies": {
    "@jasonlwalker/jlwutility": {
      "version": "1.1.7",
      "resolved": "https://registry.npmjs.org/@jasonlwalker/jlwutility/-/jlwutility-1.1.7.tgz",
      "integrity": "sha512-ZEkBc2MY59PwGm9b3cRKV76W59rssSxadRR5EZwehDA8Ram2y3/fR79PnbOWYDjOym6X9YRqACg127Tb4FiIcg=="
    }
  }
}
